
Microsoft Visual Studio Solution File, Format Version 12.00
# Visual Studio Version 16
VisualStudioVersion = 25.0.1706.1
MinimumVisualStudioVersion = 10.0.40219.1
Project("{FAE04EC0-301F-11D3-BF4B-00C04F79EFBC}") = "UnitTest.WorkShop", "UnitTest.WorkShop\UnitTest.WorkShop.csproj", "{B8F5412F-9D1F-4044-912C-F261EBFE0285}"
EndProject
Project("{FAE04EC0-301F-11D3-BF4B-00C04F79EFBC}") = "UnitTest.WorkShop.Nunit", "UnitTest.WorkShop.Nunit\UnitTest.WorkShop.Nunit.csproj", "{A91E7DAE-2C5F-4422-8B8A-E697BB9E1B00}"
EndProject
Global
	GlobalSection(SolutionConfigurationPlatforms) = preSolution
		Debug|Any CPU = Debug|Any CPU
		Release|Any CPU = Release|Any CPU
	EndGlobalSection
	GlobalSection(ProjectConfigurationPlatforms) = postSolution
		{B8F5412F-9D1F-4044-912C-F261EBFE0285}.Debug|Any CPU.ActiveCfg = Debug|Any CPU
		{B8F5412F-9D1F-4044-912C-F261EBFE0285}.Debug|Any CPU.Build.0 = Debug|Any CPU
		{B8F5412F-9D1F-4044-912C-F261EBFE0285}.Release|Any CPU.ActiveCfg = Release|Any CPU
		{B8F5412F-9D1F-4044-912C-F261EBFE0285}.Release|Any CPU.Build.0 = Release|Any CPU
		{A91E7DAE-2C5F-4422-8B8A-E697BB9E1B00}.Debug|Any CPU.ActiveCfg = Debug|Any CPU
		{A91E7DAE-2C5F-4422-8B8A-E697BB9E1B00}.Debug|Any CPU.Build.0 = Debug|Any CPU
		{A91E7DAE-2C5F-4422-8B8A-E697BB9E1B00}.Release|Any CPU.ActiveCfg = Release|Any CPU
		{A91E7DAE-2C5F-4422-8B8A-E697BB9E1B00}.Release|Any CPU.Build.0 = Release|Any CPU
	EndGlobalSection
	GlobalSection(SolutionProperties) = preSolution
		HideSolutionNode = FALSE
	EndGlobalSection
	GlobalSection(ExtensibilityGlobals) = postSolution
		SolutionGuid = {358C4741-C9D8-455E-9914-1191E40780FF}
	EndGlobalSection
EndGlobal
